
Microsoft Visual Studio Solution File, Format Version 12.00
# Visual Studio 15
VisualStudioVersion = 15.0.28307.1000
MinimumVisualStudioVersion = 10.0.40219.1
Project("{FAE04EC0-301F-11D3-BF4B-00C04F79EFBC}") = "Repository_Application", "Repository_Application\Repository_Application.csproj", "{DE5C5512-77A8-4D24-8C47-3F86E1B01D31}"
EndProject
Project("{FAE04EC0-301F-11D3-BF4B-00C04F79EFBC}") = "mvc.Business", "mvc.Business\mvc.Business.csproj", "{444D4379-CAD3-4DDB-996F-EDEA11D9B2C9}"
EndProject
Global
	GlobalSection(SolutionConfigurationPlatforms) = preSolution
		Debug|Any CPU = Debug|Any CPU
		Release|Any CPU = Release|Any CPU
	EndGlobalSection
	GlobalSection(ProjectConfigurationPlatforms) = postSolution
		{DE5C5512-77A8-4D24-8C47-3F86E1B01D31}.Debug|Any CPU.ActiveCfg = Debug|Any CPU
		{DE5C5512-77A8-4D24-8C47-3F86E1B01D31}.Debug|Any CPU.Build.0 = Debug|Any CPU
		{DE5C5512-77A8-4D24-8C47-3F86E1B01D31}.Release|Any CPU.ActiveCfg = Release|Any CPU
		{DE5C5512-77A8-4D24-8C47-3F86E1B01D31}.Release|Any CPU.Build.0 = Release|Any CPU
		{444D4379-CAD3-4DDB-996F-EDEA11D9B2C9}.Debug|Any CPU.ActiveCfg = Debug|Any CPU
		{444D4379-CAD3-4DDB-996F-EDEA11D9B2C9}.Debug|Any CPU.Build.0 = Debug|Any CPU
		{444D4379-CAD3-4DDB-996F-EDEA11D9B2C9}.Release|Any CPU.ActiveCfg = Release|Any CPU
		{444D4379-CAD3-4DDB-996F-EDEA11D9B2C9}.Release|Any CPU.Build.0 = Release|Any CPU
	EndGlobalSection
	GlobalSection(SolutionProperties) = preSolution
		HideSolutionNode = FALSE
	EndGlobalSection
	GlobalSection(ExtensibilityGlobals) = postSolution
		SolutionGuid = {7141E18E-1E4B-4E73-AEF4-3B86DB443DC7}
	EndGlobalSection
EndGlobal
