
Microsoft Visual Studio Solution File, Format Version 12.00
# Visual Studio 15
VisualStudioVersion = 15.0.28307.1000
MinimumVisualStudioVersion = 10.0.40219.1
Project("{FAE04EC0-301F-11D3-BF4B-00C04F79EFBC}") = "AjaxCrudOpretionDataTableApp", "AjaxCrudOpretionDataTableApp\AjaxCrudOpretionDataTableApp.csproj", "{AEB57272-8E98-4124-96FA-ACFA5050A037}"
EndProject
Global
	GlobalSection(SolutionConfigurationPlatforms) = preSolution
		Debug|Any CPU = Debug|Any CPU
		Release|Any CPU = Release|Any CPU
	EndGlobalSection
	GlobalSection(ProjectConfigurationPlatforms) = postSolution
		{AEB57272-8E98-4124-96FA-ACFA5050A037}.Debug|Any CPU.ActiveCfg = Debug|Any CPU
		{AEB57272-8E98-4124-96FA-ACFA5050A037}.Debug|Any CPU.Build.0 = Debug|Any CPU
		{AEB57272-8E98-4124-96FA-ACFA5050A037}.Release|Any CPU.ActiveCfg = Release|Any CPU
		{AEB57272-8E98-4124-96FA-ACFA5050A037}.Release|Any CPU.Build.0 = Release|Any CPU
	EndGlobalSection
	GlobalSection(SolutionProperties) = preSolution
		HideSolutionNode = FALSE
	EndGlobalSection
	GlobalSection(ExtensibilityGlobals) = postSolution
		SolutionGuid = {152139BB-55BD-4AEE-81A9-B52AC18F4114}
	EndGlobalSection
EndGlobal
