
Microsoft Visual Studio Solution File, Format Version 12.00
# Visual Studio 15
VisualStudioVersion = 15.0.28307.1000
MinimumVisualStudioVersion = 10.0.40219.1
Project("{FAE04EC0-301F-11D3-BF4B-00C04F79EFBC}") = "CustomerAmountManagement", "CustomerAmountManagement\CustomerAmountManagement.csproj", "{A734BF8B-A7E3-4F41-99D2-120A76BFF65F}"
EndProject
Global
	GlobalSection(SolutionConfigurationPlatforms) = preSolution
		Debug|Any CPU = Debug|Any CPU
		Release|Any CPU = Release|Any CPU
	EndGlobalSection
	GlobalSection(ProjectConfigurationPlatforms) = postSolution
		{A734BF8B-A7E3-4F41-99D2-120A76BFF65F}.Debug|Any CPU.ActiveCfg = Debug|Any CPU
		{A734BF8B-A7E3-4F41-99D2-120A76BFF65F}.Debug|Any CPU.Build.0 = Debug|Any CPU
		{A734BF8B-A7E3-4F41-99D2-120A76BFF65F}.Release|Any CPU.ActiveCfg = Release|Any CPU
		{A734BF8B-A7E3-4F41-99D2-120A76BFF65F}.Release|Any CPU.Build.0 = Release|Any CPU
	EndGlobalSection
	GlobalSection(SolutionProperties) = preSolution
		HideSolutionNode = FALSE
	EndGlobalSection
	GlobalSection(ExtensibilityGlobals) = postSolution
		SolutionGuid = {513394AA-CE85-4AA6-925F-08C230826E44}
	EndGlobalSection
EndGlobal
