
Microsoft Visual Studio Solution File, Format Version 12.00
# Visual Studio 15
VisualStudioVersion = 15.0.28307.1000
MinimumVisualStudioVersion = 10.0.40219.1
Project("{FAE04EC0-301F-11D3-BF4B-00C04F79EFBC}") = "CustomerManagement", "CustomerManagement\CustomerManagement.csproj", "{D5E71DEA-504B-4D11-BBB0-92026E78E2E9}"
EndProject
Global
	GlobalSection(SolutionConfigurationPlatforms) = preSolution
		Debug|Any CPU = Debug|Any CPU
		Release|Any CPU = Release|Any CPU
	EndGlobalSection
	GlobalSection(ProjectConfigurationPlatforms) = postSolution
		{D5E71DEA-504B-4D11-BBB0-92026E78E2E9}.Debug|Any CPU.ActiveCfg = Debug|Any CPU
		{D5E71DEA-504B-4D11-BBB0-92026E78E2E9}.Debug|Any CPU.Build.0 = Debug|Any CPU
		{D5E71DEA-504B-4D11-BBB0-92026E78E2E9}.Release|Any CPU.ActiveCfg = Release|Any CPU
		{D5E71DEA-504B-4D11-BBB0-92026E78E2E9}.Release|Any CPU.Build.0 = Release|Any CPU
	EndGlobalSection
	GlobalSection(SolutionProperties) = preSolution
		HideSolutionNode = FALSE
	EndGlobalSection
	GlobalSection(ExtensibilityGlobals) = postSolution
		SolutionGuid = {F1771609-2EB5-4D41-9D10-EBB0E7F58200}
	EndGlobalSection
EndGlobal
