
Microsoft Visual Studio Solution File, Format Version 12.00
# Visual Studio 15
VisualStudioVersion = 15.0.28307.1000
MinimumVisualStudioVersion = 10.0.40219.1
Project("{FAE04EC0-301F-11D3-BF4B-00C04F79EFBC}") = "Dr_Bk_Hospital", "Dr_Bk_Hospital\Dr_Bk_Hospital.csproj", "{35D644B4-7473-4F4A-B999-29802D8F7FEC}"
EndProject
Global
	GlobalSection(SolutionConfigurationPlatforms) = preSolution
		Debug|Any CPU = Debug|Any CPU
		Release|Any CPU = Release|Any CPU
	EndGlobalSection
	GlobalSection(ProjectConfigurationPlatforms) = postSolution
		{35D644B4-7473-4F4A-B999-29802D8F7FEC}.Debug|Any CPU.ActiveCfg = Debug|Any CPU
		{35D644B4-7473-4F4A-B999-29802D8F7FEC}.Debug|Any CPU.Build.0 = Debug|Any CPU
		{35D644B4-7473-4F4A-B999-29802D8F7FEC}.Release|Any CPU.ActiveCfg = Release|Any CPU
		{35D644B4-7473-4F4A-B999-29802D8F7FEC}.Release|Any CPU.Build.0 = Release|Any CPU
	EndGlobalSection
	GlobalSection(SolutionProperties) = preSolution
		HideSolutionNode = FALSE
	EndGlobalSection
	GlobalSection(ExtensibilityGlobals) = postSolution
		SolutionGuid = {79E88446-B907-4509-AEB0-617B0FB3CE86}
	EndGlobalSection
EndGlobal
