
Microsoft Visual Studio Solution File, Format Version 12.00
# Visual Studio 15
VisualStudioVersion = 15.0.28307.1000
MinimumVisualStudioVersion = 10.0.40219.1
Project("{FAE04EC0-301F-11D3-BF4B-00C04F79EFBC}") = "EmpService", "EmpService\EmpService.csproj", "{42847432-8AAC-49B5-A64E-FA81970E033B}"
EndProject
Global
	GlobalSection(SolutionConfigurationPlatforms) = preSolution
		Debug|Any CPU = Debug|Any CPU
		Release|Any CPU = Release|Any CPU
	EndGlobalSection
	GlobalSection(ProjectConfigurationPlatforms) = postSolution
		{42847432-8AAC-49B5-A64E-FA81970E033B}.Debug|Any CPU.ActiveCfg = Debug|Any CPU
		{42847432-8AAC-49B5-A64E-FA81970E033B}.Debug|Any CPU.Build.0 = Debug|Any CPU
		{42847432-8AAC-49B5-A64E-FA81970E033B}.Release|Any CPU.ActiveCfg = Release|Any CPU
		{42847432-8AAC-49B5-A64E-FA81970E033B}.Release|Any CPU.Build.0 = Release|Any CPU
	EndGlobalSection
	GlobalSection(SolutionProperties) = preSolution
		HideSolutionNode = FALSE
	EndGlobalSection
	GlobalSection(ExtensibilityGlobals) = postSolution
		SolutionGuid = {D3B3D716-D87E-466A-A659-D7B8F9D94AC4}
	EndGlobalSection
EndGlobal
