
Microsoft Visual Studio Solution File, Format Version 12.00
# Visual Studio 15
VisualStudioVersion = 15.0.28307.1000
MinimumVisualStudioVersion = 10.0.40219.1
Project("{FAE04EC0-301F-11D3-BF4B-00C04F79EFBC}") = "HMS", "HMS\HMS.csproj", "{DF7A279D-5C9C-45EA-812B-78F481FEC1EF}"
EndProject
Project("{FAE04EC0-301F-11D3-BF4B-00C04F79EFBC}") = "HMS.Entities", "..\HMS.Entities\HMS.Entities.csproj", "{75E7D47E-7853-4B0C-BA73-601E4DED5C90}"
EndProject
Project("{FAE04EC0-301F-11D3-BF4B-00C04F79EFBC}") = "HMS.Data", "HMS.Data\HMS.Data.csproj", "{3EA4AC18-7F77-494B-83F4-D6B4F6730116}"
EndProject
Project("{FAE04EC0-301F-11D3-BF4B-00C04F79EFBC}") = "HMS.Service", "HMS.Service\HMS.Service.csproj", "{4F7D1B1F-80F6-4D6F-953D-CA4B98C85CA0}"
EndProject
Global
	GlobalSection(SolutionConfigurationPlatforms) = preSolution
		Debug|Any CPU = Debug|Any CPU
		Release|Any CPU = Release|Any CPU
	EndGlobalSection
	GlobalSection(ProjectConfigurationPlatforms) = postSolution
		{DF7A279D-5C9C-45EA-812B-78F481FEC1EF}.Debug|Any CPU.ActiveCfg = Debug|Any CPU
		{DF7A279D-5C9C-45EA-812B-78F481FEC1EF}.Debug|Any CPU.Build.0 = Debug|Any CPU
		{DF7A279D-5C9C-45EA-812B-78F481FEC1EF}.Release|Any CPU.ActiveCfg = Release|Any CPU
		{DF7A279D-5C9C-45EA-812B-78F481FEC1EF}.Release|Any CPU.Build.0 = Release|Any CPU
		{75E7D47E-7853-4B0C-BA73-601E4DED5C90}.Debug|Any CPU.ActiveCfg = Debug|Any CPU
		{75E7D47E-7853-4B0C-BA73-601E4DED5C90}.Debug|Any CPU.Build.0 = Debug|Any CPU
		{75E7D47E-7853-4B0C-BA73-601E4DED5C90}.Release|Any CPU.ActiveCfg = Release|Any CPU
		{75E7D47E-7853-4B0C-BA73-601E4DED5C90}.Release|Any CPU.Build.0 = Release|Any CPU
		{3EA4AC18-7F77-494B-83F4-D6B4F6730116}.Debug|Any CPU.ActiveCfg = Debug|Any CPU
		{3EA4AC18-7F77-494B-83F4-D6B4F6730116}.Debug|Any CPU.Build.0 = Debug|Any CPU
		{3EA4AC18-7F77-494B-83F4-D6B4F6730116}.Release|Any CPU.ActiveCfg = Release|Any CPU
		{3EA4AC18-7F77-494B-83F4-D6B4F6730116}.Release|Any CPU.Build.0 = Release|Any CPU
		{4F7D1B1F-80F6-4D6F-953D-CA4B98C85CA0}.Debug|Any CPU.ActiveCfg = Debug|Any CPU
		{4F7D1B1F-80F6-4D6F-953D-CA4B98C85CA0}.Debug|Any CPU.Build.0 = Debug|Any CPU
		{4F7D1B1F-80F6-4D6F-953D-CA4B98C85CA0}.Release|Any CPU.ActiveCfg = Release|Any CPU
		{4F7D1B1F-80F6-4D6F-953D-CA4B98C85CA0}.Release|Any CPU.Build.0 = Release|Any CPU
	EndGlobalSection
	GlobalSection(SolutionProperties) = preSolution
		HideSolutionNode = FALSE
	EndGlobalSection
	GlobalSection(ExtensibilityGlobals) = postSolution
		SolutionGuid = {F7843FDE-900A-453A-8596-5D52DFE677AA}
	EndGlobalSection
EndGlobal
