
Microsoft Visual Studio Solution File, Format Version 12.00
# Visual Studio 15
VisualStudioVersion = 15.0.28307.1000
MinimumVisualStudioVersion = 10.0.40219.1
Project("{FAE04EC0-301F-11D3-BF4B-00C04F79EFBC}") = "Hotal_Management_System", "Hotal_Management_System\Hotal_Management_System.csproj", "{D8EB4AA7-81FD-47E5-9409-24269CA18EEE}"
EndProject
Global
	GlobalSection(SolutionConfigurationPlatforms) = preSolution
		Debug|Any CPU = Debug|Any CPU
		Release|Any CPU = Release|Any CPU
	EndGlobalSection
	GlobalSection(ProjectConfigurationPlatforms) = postSolution
		{D8EB4AA7-81FD-47E5-9409-24269CA18EEE}.Debug|Any CPU.ActiveCfg = Debug|Any CPU
		{D8EB4AA7-81FD-47E5-9409-24269CA18EEE}.Debug|Any CPU.Build.0 = Debug|Any CPU
		{D8EB4AA7-81FD-47E5-9409-24269CA18EEE}.Release|Any CPU.ActiveCfg = Release|Any CPU
		{D8EB4AA7-81FD-47E5-9409-24269CA18EEE}.Release|Any CPU.Build.0 = Release|Any CPU
	EndGlobalSection
	GlobalSection(SolutionProperties) = preSolution
		HideSolutionNode = FALSE
	EndGlobalSection
	GlobalSection(ExtensibilityGlobals) = postSolution
		SolutionGuid = {20A3F674-DDCE-40DB-9BDE-032BBB52D112}
	EndGlobalSection
EndGlobal
