
Microsoft Visual Studio Solution File, Format Version 12.00
# Visual Studio 15
VisualStudioVersion = 15.0.28307.1000
MinimumVisualStudioVersion = 10.0.40219.1
Project("{FAE04EC0-301F-11D3-BF4B-00C04F79EFBC}") = "MultipaleModeldataView", "MultipaleModeldataView\MultipaleModeldataView.csproj", "{03355F77-5255-4ADE-B48D-D9891CC21196}"
EndProject
Global
	GlobalSection(SolutionConfigurationPlatforms) = preSolution
		Debug|Any CPU = Debug|Any CPU
		Release|Any CPU = Release|Any CPU
	EndGlobalSection
	GlobalSection(ProjectConfigurationPlatforms) = postSolution
		{03355F77-5255-4ADE-B48D-D9891CC21196}.Debug|Any CPU.ActiveCfg = Debug|Any CPU
		{03355F77-5255-4ADE-B48D-D9891CC21196}.Debug|Any CPU.Build.0 = Debug|Any CPU
		{03355F77-5255-4ADE-B48D-D9891CC21196}.Release|Any CPU.ActiveCfg = Release|Any CPU
		{03355F77-5255-4ADE-B48D-D9891CC21196}.Release|Any CPU.Build.0 = Release|Any CPU
	EndGlobalSection
	GlobalSection(SolutionProperties) = preSolution
		HideSolutionNode = FALSE
	EndGlobalSection
	GlobalSection(ExtensibilityGlobals) = postSolution
		SolutionGuid = {0A8577E1-BA7D-4651-9BEF-1B07BD009796}
	EndGlobalSection
EndGlobal
