
Microsoft Visual Studio Solution File, Format Version 12.00
# Visual Studio 15
VisualStudioVersion = 15.0.28307.1000
MinimumVisualStudioVersion = 10.0.40219.1
Project("{FAE04EC0-301F-11D3-BF4B-00C04F79EFBC}") = "Music_Library_ManagementSystem", "Music_Library_ManagementSystem\Music_Library_ManagementSystem.csproj", "{ABCFB772-939D-464A-9310-69387442D866}"
EndProject
Global
	GlobalSection(SolutionConfigurationPlatforms) = preSolution
		Debug|Any CPU = Debug|Any CPU
		Release|Any CPU = Release|Any CPU
	EndGlobalSection
	GlobalSection(ProjectConfigurationPlatforms) = postSolution
		{ABCFB772-939D-464A-9310-69387442D866}.Debug|Any CPU.ActiveCfg = Debug|Any CPU
		{ABCFB772-939D-464A-9310-69387442D866}.Debug|Any CPU.Build.0 = Debug|Any CPU
		{ABCFB772-939D-464A-9310-69387442D866}.Release|Any CPU.ActiveCfg = Release|Any CPU
		{ABCFB772-939D-464A-9310-69387442D866}.Release|Any CPU.Build.0 = Release|Any CPU
	EndGlobalSection
	GlobalSection(SolutionProperties) = preSolution
		HideSolutionNode = FALSE
	EndGlobalSection
	GlobalSection(ExtensibilityGlobals) = postSolution
		SolutionGuid = {53126CAA-CB58-49F9-956D-3CB834D998AF}
	EndGlobalSection
EndGlobal
