
Microsoft Visual Studio Solution File, Format Version 12.00
# Visual Studio 15
VisualStudioVersion = 15.0.28307.1000
MinimumVisualStudioVersion = 10.0.40219.1
Project("{FAE04EC0-301F-11D3-BF4B-00C04F79EFBC}") = "Music_Library_System", "Music_Library_System\Music_Library_System.csproj", "{06CE7AE2-6248-4F02-BB56-DAF2EF7A42CA}"
EndProject
Global
	GlobalSection(SolutionConfigurationPlatforms) = preSolution
		Debug|Any CPU = Debug|Any CPU
		Release|Any CPU = Release|Any CPU
	EndGlobalSection
	GlobalSection(ProjectConfigurationPlatforms) = postSolution
		{06CE7AE2-6248-4F02-BB56-DAF2EF7A42CA}.Debug|Any CPU.ActiveCfg = Debug|Any CPU
		{06CE7AE2-6248-4F02-BB56-DAF2EF7A42CA}.Debug|Any CPU.Build.0 = Debug|Any CPU
		{06CE7AE2-6248-4F02-BB56-DAF2EF7A42CA}.Release|Any CPU.ActiveCfg = Release|Any CPU
		{06CE7AE2-6248-4F02-BB56-DAF2EF7A42CA}.Release|Any CPU.Build.0 = Release|Any CPU
	EndGlobalSection
	GlobalSection(SolutionProperties) = preSolution
		HideSolutionNode = FALSE
	EndGlobalSection
	GlobalSection(ExtensibilityGlobals) = postSolution
		SolutionGuid = {FF13A5E8-8D1C-4CC6-9246-1EE8959C675D}
	EndGlobalSection
EndGlobal
