
Microsoft Visual Studio Solution File, Format Version 12.00
# Visual Studio 15
VisualStudioVersion = 15.0.28307.1000
MinimumVisualStudioVersion = 10.0.40219.1
Project("{FAE04EC0-301F-11D3-BF4B-00C04F79EFBC}") = "RepoesitoryPattern", "RepoesitoryPattern\RepoesitoryPattern.csproj", "{5E0AA2F4-7514-465A-8FC5-A9E2E8DD1345}"
EndProject
Global
	GlobalSection(SolutionConfigurationPlatforms) = preSolution
		Debug|Any CPU = Debug|Any CPU
		Release|Any CPU = Release|Any CPU
	EndGlobalSection
	GlobalSection(ProjectConfigurationPlatforms) = postSolution
		{5E0AA2F4-7514-465A-8FC5-A9E2E8DD1345}.Debug|Any CPU.ActiveCfg = Debug|Any CPU
		{5E0AA2F4-7514-465A-8FC5-A9E2E8DD1345}.Debug|Any CPU.Build.0 = Debug|Any CPU
		{5E0AA2F4-7514-465A-8FC5-A9E2E8DD1345}.Release|Any CPU.ActiveCfg = Release|Any CPU
		{5E0AA2F4-7514-465A-8FC5-A9E2E8DD1345}.Release|Any CPU.Build.0 = Release|Any CPU
	EndGlobalSection
	GlobalSection(SolutionProperties) = preSolution
		HideSolutionNode = FALSE
	EndGlobalSection
	GlobalSection(ExtensibilityGlobals) = postSolution
		SolutionGuid = {95796137-BF0E-4D0F-8947-67153BB85B13}
	EndGlobalSection
EndGlobal
