
Microsoft Visual Studio Solution File, Format Version 12.00
# Visual Studio 15
VisualStudioVersion = 15.0.28307.1000
MinimumVisualStudioVersion = 10.0.40219.1
Project("{FAE04EC0-301F-11D3-BF4B-00C04F79EFBC}") = "checkboxmvc", "checkboxmvc\checkboxmvc.csproj", "{3F065DC1-8B4B-42AA-9B38-91DC7B4FC014}"
EndProject
Global
	GlobalSection(SolutionConfigurationPlatforms) = preSolution
		Debug|Any CPU = Debug|Any CPU
		Release|Any CPU = Release|Any CPU
	EndGlobalSection
	GlobalSection(ProjectConfigurationPlatforms) = postSolution
		{3F065DC1-8B4B-42AA-9B38-91DC7B4FC014}.Debug|Any CPU.ActiveCfg = Debug|Any CPU
		{3F065DC1-8B4B-42AA-9B38-91DC7B4FC014}.Debug|Any CPU.Build.0 = Debug|Any CPU
		{3F065DC1-8B4B-42AA-9B38-91DC7B4FC014}.Release|Any CPU.ActiveCfg = Release|Any CPU
		{3F065DC1-8B4B-42AA-9B38-91DC7B4FC014}.Release|Any CPU.Build.0 = Release|Any CPU
	EndGlobalSection
	GlobalSection(SolutionProperties) = preSolution
		HideSolutionNode = FALSE
	EndGlobalSection
	GlobalSection(ExtensibilityGlobals) = postSolution
		SolutionGuid = {4A3E1395-1D4E-4FC1-A5F0-092D35D8C286}
	EndGlobalSection
EndGlobal
