
Microsoft Visual Studio Solution File, Format Version 12.00
# Visual Studio 15
VisualStudioVersion = 15.0.28307.1000
MinimumVisualStudioVersion = 10.0.40219.1
Project("{FAE04EC0-301F-11D3-BF4B-00C04F79EFBC}") = "EntityCRUD", "EntityCRUD\EntityCRUD.csproj", "{DEFE2B49-90C3-40C6-BCE2-594066BEECC5}"
EndProject
Global
	GlobalSection(SolutionConfigurationPlatforms) = preSolution
		Debug|Any CPU = Debug|Any CPU
		Release|Any CPU = Release|Any CPU
	EndGlobalSection
	GlobalSection(ProjectConfigurationPlatforms) = postSolution
		{DEFE2B49-90C3-40C6-BCE2-594066BEECC5}.Debug|Any CPU.ActiveCfg = Debug|Any CPU
		{DEFE2B49-90C3-40C6-BCE2-594066BEECC5}.Debug|Any CPU.Build.0 = Debug|Any CPU
		{DEFE2B49-90C3-40C6-BCE2-594066BEECC5}.Release|Any CPU.ActiveCfg = Release|Any CPU
		{DEFE2B49-90C3-40C6-BCE2-594066BEECC5}.Release|Any CPU.Build.0 = Release|Any CPU
	EndGlobalSection
	GlobalSection(SolutionProperties) = preSolution
		HideSolutionNode = FALSE
	EndGlobalSection
	GlobalSection(ExtensibilityGlobals) = postSolution
		SolutionGuid = {620CED16-24AD-4181-9C62-E9B7DC00B535}
	EndGlobalSection
EndGlobal
